// !$*UTF8*$!
{
	archiveVersion = 1;
	classes = {
	};
	objectVersion = 46;
	objects = {

/* Begin PBXBuildFile section */
		7DDC937C1EB31B5300901548 /* AppDelegate.swift in Sources */ = {isa = PBXBuildFile; fileRef = 7DDC937B1EB31B5300901548 /* AppDelegate.swift */; };
		7DDC937E1EB31B5300901548 /* ViewController.swift in Sources */ = {isa = PBXBuildFile; fileRef = 7DDC937D1EB31B5300901548 /* ViewController.swift */; };
		7DDC93811EB31B5300901548 /* Main.storyboard in Resources */ = {isa = PBXBuildFile; fileRef = 7DDC937F1EB31B5300901548 /* Main.storyboard */; };
		7DDC93831EB31B5300901548 /* Assets.xcassets in Resources */ = {isa = PBXBuildFile; fileRef = 7DDC93821EB31B5300901548 /* Assets.xcassets */; };
		7DDC93861EB31B5300901548 /* LaunchScreen.storyboard in Resources */ = {isa = PBXBuildFile; fileRef = 7DDC93841EB31B5300901548 /* LaunchScreen.storyboard */; };
		7DDC93911EB31B5300901548 /* KeydArchiverDemoTests.swift in Sources */ = {isa = PBXBuildFile; fileRef = 7DDC93901EB31B5300901548 /* KeydArchiverDemoTests.swift */; };
		7DDC939C1EB31D7B00901548 /* Person.swift in Sources */ = {isa = PBXBuildFile; fileRef = 7DDC939B1EB31D7B00901548 /* Person.swift */; };
/* End PBXBuildFile section */

/* Begin PBXContainerItemProxy section */
		7DDC938D1EB31B5300901548 /* PBXContainerItemProxy */ = {
			isa = PBXContainerItemProxy;
			containerPortal = 7DDC93701EB31B5300901548 /* Project object */;
			proxyType = 1;
			remoteGlobalIDString = 7DDC93771EB31B5300901548;
			remoteInfo = KeydArchiverDemo;
		};
/* End PBXContainerItemProxy section */

/* Begin PBXFileReference section */
		7DDC93781EB31B5300901548 /* KeydArchiverDemo.app */ = {isa = PBXFileReference; explicitFileType = wrapper.application; includeInIndex = 0; path = KeydArchiverDemo.app; sourceTree = BUILT_PRODUCTS_DIR; };
		7DDC937B1EB31B5300901548 /* AppDelegate.swift */ = {isa = PBXFileReference; lastKnownFileType = sourcecode.swift; path = AppDelegate.swift; sourceTree = "<group>"; };
		7DDC937D1EB31B5300901548 /* ViewController.swift */ = {isa = PBXFileReference; lastKnownFileType = sourcecode.swift; path = ViewController.swift; sourceTree = "<group>"; };
		7DDC93801EB31B5300901548 /* Base */ = {isa = PBXFileReference; lastKnownFileType = file.storyboard; name = Base; path = Base.lproj/Main.storyboard; sourceTree = "<group>"; };
		7DDC93821EB31B5300901548 /* Assets.xcassets */ = {isa = PBXFileReference; lastKnownFileType = folder.assetcatalog; path = Assets.xcassets; sourceTree = "<group>"; };
		7DDC93851EB31B5300901548 /* Base */ = {isa = PBXFileReference; lastKnownFileType = file.storyboard; name = Base; path = Base.lproj/LaunchScreen.storyboard; sourceTree = "<group>"; };
		7DDC93871EB31B5300901548 /* Info.plist */ = {isa = PBXFileReference; lastKnownFileType = text.plist.xml; path = Info.plist; sourceTree = "<group>"; };
		7DDC938C1EB31B5300901548 /* KeydArchiverDemoTests.xctest */ = {isa = PBXFileReference; explicitFileType = wrapper.cfbundle; includeInIndex = 0; path = KeydArchiverDemoTests.xctest; sourceTree = BUILT_PRODUCTS_DIR; };
		7DDC93901EB31B5300901548 /* KeydArchiverDemoTests.swift */ = {isa = PBXFileReference; lastKnownFileType = sourcecode.swift; path = KeydArchiverDemoTests.swift; sourceTree = "<group>"; };
		7DDC93921EB31B5300901548 /* Info.plist */ = {isa = PBXFileReference; lastKnownFileType = text.plist.xml; path = Info.plist; sourceTree = "<group>"; };
		7DDC939B1EB31D7B00901548 /* Person.swift */ = {isa = PBXFileReference; fileEncoding = 4; lastKnownFileType = sourcecode.swift; path = Person.swift; sourceTree = "<group>"; };
/* End PBXFileReference section */

/* Begin PBXFrameworksBuildPhase section */
		7DDC93751EB31B5300901548 /* Frameworks */ = {
			isa = PBXFrameworksBuildPhase;
			buildActionMask = 2147483647;
			files = (
			);
			runOnlyForDeploymentPostprocessing = 0;
		};
		7DDC93891EB31B5300901548 /* Frameworks */ = {
			isa = PBXFrameworksBuildPhase;
			buildActionMask = 2147483647;
			files = (
			);
			runOnlyForDeploymentPostprocessing = 0;
		};
/* End PBXFrameworksBuildPhase section */

/* Begin PBXGroup section */
		7DDC936F1EB31B5300901548 = {
			isa = PBXGroup;
			children = (
				7DDC937A1EB31B5300901548 /* KeydArchiverDemo */,
				7DDC938F1EB31B5300901548 /* KeydArchiverDemoTests */,
				7DDC93791EB31B5300901548 /* Products */,
			);
			sourceTree = "<group>";
		};
		7DDC93791EB31B5300901548 /* Products */ = {
			isa = PBXGroup;
			children = (
				7DDC93781EB31B5300901548 /* KeydArchiverDemo.app */,
				7DDC938C1EB31B5300901548 /* KeydArchiverDemoTests.xctest */,
			);
			name = Products;
			sourceTree = "<group>";
		};
		7DDC937A1EB31B5300901548 /* KeydArchiverDemo */ = {
			isa = PBXGroup;
			children = (
				7DDC937B1EB31B5300901548 /* AppDelegate.swift */,
				7DDC937D1EB31B5300901548 /* ViewController.swift */,
				7DDC939B1EB31D7B00901548 /* Person.swift */,
				7DDC937F1EB31B5300901548 /* Main.storyboard */,
				7DDC93821EB31B5300901548 /* Assets.xcassets */,
				7DDC93841EB31B5300901548 /* LaunchScreen.storyboard */,
				7DDC93871EB31B5300901548 /* Info.plist */,
			);
			path = KeydArchiverDemo;
			sourceTree = "<group>";
		};
		7DDC938F1EB31B5300901548 /* KeydArchiverDemoTests */ = {
			isa = PBXGroup;
			children = (
				7DDC93901EB31B5300901548 /* KeydArchiverDemoTests.swift */,
				7DDC93921EB31B5300901548 /* Info.plist */,
			);
			path = KeydArchiverDemoTests;
			sourceTree = "<group>";
		};
/* End PBXGroup section */

/* Begin PBXNativeTarget section */
		7DDC93771EB31B5300901548 /* KeydArchiverDemo */ = {
			isa = PBXNativeTarget;
			buildConfigurationList = 7DDC93951EB31B5300901548 /* Build configuration list for PBXNativeTarget "KeydArchiverDemo" */;
			buildPhases = (
				7DDC93741EB31B5300901548 /* Sources */,
				7DDC93751EB31B5300901548 /* Frameworks */,
				7DDC93761EB31B5300901548 /* Resources */,
			);
			buildRules = (
			);
			dependencies = (
			);
			name = KeydArchiverDemo;
			productName = KeydArchiverDemo;
			productReference = 7DDC93781EB31B5300901548 /* KeydArchiverDemo.app */;
			productType = "com.apple.product-type.application";
		};
		7DDC938B1EB31B5300901548 /* KeydArchiverDemoTests */ = {
			isa = PBXNativeTarget;
			buildConfigurationList = 7DDC93981EB31B5300901548 /* Build configuration list for PBXNativeTarget "KeydArchiverDemoTests" */;
			buildPhases = (
				7DDC93881EB31B5300901548 /* Sources */,
				7DDC93891EB31B5300901548 /* Frameworks */,
				7DDC938A1EB31B5300901548 /* Resources */,
			);
			buildRules = (
			);
			dependencies = (
				7DDC938E1EB31B5300901548 /* PBXTargetDependency */,
			);
			name = KeydArchiverDemoTests;
			productName = KeydArchiverDemoTests;
			productReference = 7DDC938C1EB31B5300901548 /* KeydArchiverDemoTests.xctest */;
			productType = "com.apple.product-type.bundle.unit-test";
		};
/* End PBXNativeTarget section */

/* Begin PBXProject section */
		7DDC93701EB31B5300901548 /* Project object */ = {
			isa = PBXProject;
			attributes = {
				LastSwiftUpdateCheck = 0830;
				LastUpgradeCheck = 0830;
				TargetAttributes = {
					7DDC93771EB31B5300901548 = {
						CreatedOnToolsVersion = 8.3.2;
						ProvisioningStyle = Manual;
					};
					7DDC938B1EB31B5300901548 = {
						CreatedOnToolsVersion = 8.3.2;
						ProvisioningStyle = Automatic;
						TestTargetID = 7DDC93771EB31B5300901548;
					};
				};
			};
			buildConfigurationList = 7DDC93731EB31B5300901548 /* Build configuration list for PBXProject "KeydArchiverDemo" */;
			compatibilityVersion = "Xcode 3.2";
			developmentRegion = English;
			hasScannedForEncodings = 0;
			knownRegions = (
				en,
				Base,
			);
			mainGroup = 7DDC936F1EB31B5300901548;
			productRefGroup = 7DDC93791EB31B5300901548 /* Products */;
			projectDirPath = "";
			projectRoot = "";
			targets = (
				7DDC93771EB31B5300901548 /* KeydArchiverDemo */,
				7DDC938B1EB31B5300901548 /* KeydArchiverDemoTests */,
			);
		};
/* End PBXProject section */

/* Begin PBXResourcesBuildPhase section */
		7DDC93761EB31B5300901548 /* Resources */ = {
			isa = PBXResourcesBuildPhase;
			buildActionMask = 2147483647;
			files = (
				7DDC93861EB31B5300901548 /* LaunchScreen.storyboard in Resources */,
				7DDC93831EB31B5300901548 /* Assets.xcassets in Resources */,
				7DDC93811EB31B5300901548 /* Main.storyboard in Resources */,
			);
			runOnlyForDeploymentPostprocessing = 0;
		};
		7DDC938A1EB31B5300901548 /* Resources */ = {
			isa = PBXResourcesBuildPhase;
			buildActionMask = 2147483647;
			files = (
			);
			runOnlyForDeploymentPostprocessing = 0;
		};
/* End PBXResourcesBuildPhase section */

/* Begin PBXSourcesBuildPhase section */
		7DDC93741EB31B5300901548 /* Sources */ = {
			isa = PBXSourcesBuildPhase;
			buildActionMask = 2147483647;
			files = (
				7DDC939C1EB31D7B00901548 /* Person.swift in Sources */,
				7DDC937E1EB31B5300901548 /* ViewController.swift in Sources */,
				7DDC937C1EB31B5300901548 /* AppDelegate.swift in Sources */,
			);
			runOnlyForDeploymentPostprocessing = 0;
		};
		7DDC93881EB31B5300901548 /* Sources */ = {
			isa = PBXSourcesBuildPhase;
			buildActionMask = 2147483647;
			files = (
				7DDC93911EB31B5300901548 /* KeydArchiverDemoTests.swift in Sources */,
			);
			runOnlyForDeploymentPostprocessing = 0;
		};
/* End PBXSourcesBuildPhase section */

/* Begin PBXTargetDependency section */
		7DDC938E1EB31B5300901548 /* PBXTargetDependency */ = {
			isa = PBXTargetDependency;
			target = 7DDC93771EB31B5300901548 /* KeydArchiverDemo */;
			targetProxy = 7DDC938D1EB31B5300901548 /* PBXContainerItemProxy */;
		};
/* End PBXTargetDependency section */

/* Begin PBXVariantGroup section */
		7DDC937F1EB31B5300901548 /* Main.storyboard */ = {
			isa = PBXVariantGroup;
			children = (
				7DDC93801EB31B5300901548 /* Base */,
			);
			name = Main.storyboard;
			sourceTree = "<group>";
		};
		7DDC93841EB31B5300901548 /* LaunchScreen.storyboard */ = {
			isa = PBXVariantGroup;
			children = (
				7DDC93851EB31B5300901548 /* Base */,
			);
			name = LaunchScreen.storyboard;
			sourceTree = "<group>";
		};
/* End PBXVariantGroup section */

/* Begin XCBuildConfiguration section */
		7DDC93931EB31B5300901548 /* Debug */ = {
			isa = XCBuildConfiguration;
			buildSettings = {
				ALWAYS_SEARCH_USER_PATHS = NO;
				CLANG_ANALYZER_NONNULL = YES;
				CLANG_ANALYZER_NUMBER_OBJECT_CONVERSION = YES_AGGRESSIVE;
				CLANG_CXX_LANGUAGE_STANDARD = "gnu++0x";
				CLANG_CXX_LIBRARY = "libc++";
				CLANG_ENABLE_MODULES = YES;
				CLANG_ENABLE_OBJC_ARC = YES;
				CLANG_WARN_BOOL_CONVERSION = YES;
				CLANG_WARN_CONSTANT_CONVERSION = YES;
				CLANG_WARN_DIRECT_OBJC_ISA_USAGE = YES_ERROR;
				CLANG_WARN_DOCUMENTATION_COMMENTS = YES;
				CLANG_WARN_EMPTY_BODY = YES;
				CLANG_WARN_ENUM_CONVERSION = YES;
				CLANG_WARN_INFINITE_RECURSION = YES;
				CLANG_WARN_INT_CONVERSION = YES;
				CLANG_WARN_OBJC_ROOT_CLASS = YES_ERROR;
				CLANG_WARN_SUSPICIOUS_MOVE = YES;
				CLANG_WARN_UNREACHABLE_CODE = YES;
				CLANG_WARN__DUPLICATE_METHOD_MATCH = YES;
				"CODE_SIGN_IDENTITY[sdk=iphoneos*]" = "iPhone Developer";
				COPY_PHASE_STRIP = NO;
				DEBUG_INFORMATION_FORMAT = dwarf;
				ENABLE_STRICT_OBJC_MSGSEND = YES;
				ENABLE_TESTABILITY = YES;
				GCC_C_LANGUAGE_STANDARD = gnu99;
				GCC_DYNAMIC_NO_PIC = NO;
				GCC_NO_COMMON_BLOCKS = YES;
				GCC_OPTIMIZATION_LEVEL = 0;
				GCC_PREPROCESSOR_DEFINITIONS = (
					"DEBUG=1",
					"$(inherited)",
				);
				GCC_WARN_64_TO_32_BIT_CONVERSION = YES;
				GCC_WARN_ABOUT_RETURN_TYPE = YES_ERROR;
				GCC_WARN_UNDECLARED_SELECTOR = YES;
				GCC_WARN_UNINITIALIZED_AUTOS = YES_AGGRESSIVE;
				GCC_WARN_UNUSED_FUNCTION = YES;
				GCC_WARN_UNUSED_VARIABLE = YES;
				IPHONEOS_DEPLOYMENT_TARGET = 10.3;
				MTL_ENABLE_DEBUG_INFO = YES;
				ONLY_ACTIVE_ARCH = YES;
				SDKROOT = iphoneos;
				SWIFT_ACTIVE_COMPILATION_CONDITIONS = DEBUG;
				SWIFT_OPTIMIZATION_LEVEL = "-Onone";
				TARGETED_DEVICE_FAMILY = "1,2";
			};
			name = Debug;
		};
		7DDC93941EB31B5300901548 /* Release */ = {
			isa = XCBuildConfiguration;
			buildSettings = {
				ALWAYS_SEARCH_USER_PATHS = NO;
				CLANG_ANALYZER_NONNULL = YES;
				CLANG_ANALYZER_NUMBER_OBJECT_CONVERSION = YES_AGGRESSIVE;
				CLANG_CXX_LANGUAGE_STANDARD = "gnu++0x";
				CLANG_CXX_LIBRARY = "libc++";
				CLANG_ENABLE_MODULES = YES;
				CLANG_ENABLE_OBJC_ARC = YES;
				CLANG_WARN_BOOL_CONVERSION = YES;
				CLANG_WARN_CONSTANT_CONVERSION = YES;
				CLANG_WARN_DIRECT_OBJC_ISA_USAGE = YES_ERROR;
				CLANG_WARN_DOCUMENTATION_COMMENTS = YES;
				CLANG_WARN_EMPTY_BODY = YES;
				CLANG_WARN_ENUM_CONVERSION = YES;
				CLANG_WARN_INFINITE_RECURSION = YES;
				CLANG_WARN_INT_CONVERSION = YES;
				CLANG_WARN_OBJC_ROOT_CLASS = YES_ERROR;
				CLANG_WARN_SUSPICIOUS_MOVE = YES;
				CLANG_WARN_UNREACHABLE_CODE = YES;
				CLANG_WARN__DUPLICATE_METHOD_MATCH = YES;
				"CODE_SIGN_IDENTITY[sdk=iphoneos*]" = "iPhone Developer";
				COPY_PHASE_STRIP = NO;
				DEBUG_INFORMATION_FORMAT = "dwarf-with-dsym";
				ENABLE_NS_ASSERTIONS = NO;
				ENABLE_STRICT_OBJC_MSGSEND = YES;
				GCC_C_LANGUAGE_STANDARD = gnu99;
				GCC_NO_COMMON_BLOCKS = YES;
				GCC_WARN_64_TO_32_BIT_CONVERSION = YES;
				GCC_WARN_ABOUT_RETURN_TYPE = YES_ERROR;
				GCC_WARN_UNDECLARED_SELECTOR = YES;
				GCC_WARN_UNINITIALIZED_AUTOS = YES_AGGRESSIVE;
				GCC_WARN_UNUSED_FUNCTION = YES;
				GCC_WARN_UNUSED_VARIABLE = YES;
				IPHONEOS_DEPLOYMENT_TARGET = 10.3;
				MTL_ENABLE_DEBUG_INFO = NO;
				SDKROOT = iphoneos;
				SWIFT_OPTIMIZATION_LEVEL = "-Owholemodule";
				TARGETED_DEVICE_FAMILY = "1,2";
				VALIDATE_PRODUCT = YES;
			};
			name = Release;
		};
		7DDC93961EB31B5300901548 /* Debug */ = {
			isa = XCBuildConfiguration;
			buildSettings = {
				ASSETCATALOG_COMPILER_APPICON_NAME = AppIcon;
				DEVELOPMENT_TEAM = "";
				INFOPLIST_FILE = KeydArchiverDemo/Info.plist;
				LD_RUNPATH_SEARCH_PATHS = "$(inherited) @executable_path/Frameworks";
				PRODUCT_BUNDLE_IDENTIFIER = com.KeydArchiverDemo;
				PRODUCT_NAME = "$(TARGET_NAME)";
				PROVISIONING_PROFILE_SPECIFIER = "";
				SWIFT_VERSION = 3.0;
			};
			name = Debug;
		};
		7DDC93971EB31B5300901548 /* Release */ = {
			isa = XCBuildConfiguration;
			buildSettings = {
				ASSETCATALOG_COMPILER_APPICON_NAME = AppIcon;
				DEVELOPMENT_TEAM = "";
				INFOPLIST_FILE = KeydArchiverDemo/Info.plist;
				LD_RUNPATH_SEARCH_PATHS = "$(inherited) @executable_path/Frameworks";
				PRODUCT_BUNDLE_IDENTIFIER = com.KeydArchiverDemo;
				PRODUCT_NAME = "$(TARGET_NAME)";
				PROVISIONING_PROFILE_SPECIFIER = "";
				SWIFT_VERSION = 3.0;
			};
			name = Release;
		};
		7DDC93991EB31B5300901548 /* Debug */ = {
			isa = XCBuildConfiguration;
			buildSettings = {
				ALWAYS_EMBED_SWIFT_STANDARD_LIBRARIES = YES;
				BUNDLE_LOADER = "$(TEST_HOST)";
				INFOPLIST_FILE = KeydArchiverDemoTests/Info.plist;
				LD_RUNPATH_SEARCH_PATHS = "$(inherited) @executable_path/Frameworks @loader_path/Frameworks";
				PRODUCT_BUNDLE_IDENTIFIER = com.KeydArchiverDemoTests;
				PRODUCT_NAME = "$(TARGET_NAME)";
				SWIFT_VERSION = 3.0;
				TEST_HOST = "$(BUILT_PRODUCTS_DIR)/KeydArchiverDemo.app/KeydArchiverDemo";
			};
			name = Debug;
		};
		7DDC939A1EB31B5300901548 /* Release */ = {
			isa = XCBuildConfiguration;
			buildSettings = {
				ALWAYS_EMBED_SWIFT_STANDARD_LIBRARIES = YES;
				BUNDLE_LOADER = "$(TEST_HOST)";
				INFOPLIST_FILE = KeydArchiverDemoTests/Info.plist;
				LD_RUNPATH_SEARCH_PATHS = "$(inherited) @executable_path/Frameworks @loader_path/Frameworks";
				PRODUCT_BUNDLE_IDENTIFIER = com.KeydArchiverDemoTests;
				PRODUCT_NAME = "$(TARGET_NAME)";
				SWIFT_VERSION = 3.0;
				TEST_HOST = "$(BUILT_PRODUCTS_DIR)/KeydArchiverDemo.app/KeydArchiverDemo";
			};
			name = Release;
		};
/* End XCBuildConfiguration section */

/* Begin XCConfigurationList section */
		7DDC93731EB31B5300901548 /* Build configuration list for PBXProject "KeydArchiverDemo" */ = {
			isa = XCConfigurationList;
			buildConfigurations = (
				7DDC93931EB31B5300901548 /* Debug */,
				7DDC93941EB31B5300901548 /* Release */,
			);
			defaultConfigurationIsVisible = 0;
			defaultConfigurationName = Release;
		};
		7DDC93951EB31B5300901548 /* Build configuration list for PBXNativeTarget "KeydArchiverDemo" */ = {
			isa = XCConfigurationList;
			buildConfigurations = (
				7DDC93961EB31B5300901548 /* Debug */,
				7DDC93971EB31B5300901548 /* Release */,
			);
			defaultConfigurationIsVisible = 0;
		};
		7DDC93981EB31B5300901548 /* Build configuration list for PBXNativeTarget "KeydArchiverDemoTests" */ = {
			isa = XCConfigurationList;
			buildConfigurations = (
				7DDC93991EB31B5300901548 /* Debug */,
				7DDC939A1EB31B5300901548 /* Release */,
			);
			defaultConfigurationIsVisible = 0;
		};
/* End XCConfigurationList section */
	};
	rootObject = 7DDC93701EB31B5300901548 /* Project object */;
}
